
Microsoft Visual Studio Solution File, Format Version 12.00
# Visual Studio 2012
Project("{F184B08F-C81C-45F6-A57F-5ABD9991F28F}") = "Simulator", "Simulator.vbproj", "{90D56230-E741-4D32-B367-386408DDD416}"
EndProject
Global
	GlobalSection(SolutionConfigurationPlatforms) = preSolution
		Debug|Any CPU = Debug|Any CPU
		Release|Any CPU = Release|Any CPU
	EndGlobalSection
	GlobalSection(ProjectConfigurationPlatforms) = postSolution
		{90D56230-E741-4D32-B367-386408DDD416}.Debug|Any CPU.ActiveCfg = Debug|Any CPU
		{90D56230-E741-4D32-B367-386408DDD416}.Debug|Any CPU.Build.0 = Debug|Any CPU
		{90D56230-E741-4D32-B367-386408DDD416}.Release|Any CPU.ActiveCfg = Release|Any CPU
		{90D56230-E741-4D32-B367-386408DDD416}.Release|Any CPU.Build.0 = Release|Any CPU
	EndGlobalSection
	GlobalSection(SolutionProperties) = preSolution
		HideSolutionNode = FALSE
	EndGlobalSection
EndGlobal
