
Microsoft Visual Studio Solution File, Format Version 12.00
# Visual Studio 2012
Project("{F184B08F-C81C-45F6-A57F-5ABD9991F28F}") = "Simulator", "Simulator\Simulator.vbproj", "{90D56230-E741-4D32-B367-386408DDD416}"
EndProject
Project("{54435603-DBB4-11D2-8724-00A0C9A8B90C}") = "Black-Oil MSV", "Black-Oil MSV\Black-Oil MSV.vdproj", "{4CBA1F45-B2E2-4690-92FA-CD8B58F63FC6}"
EndProject
Global
	GlobalSection(SolutionConfigurationPlatforms) = preSolution
		Debug|Any CPU = Debug|Any CPU
		Release|Any CPU = Release|Any CPU
	EndGlobalSection
	GlobalSection(ProjectConfigurationPlatforms) = postSolution
		{90D56230-E741-4D32-B367-386408DDD416}.Debug|Any CPU.ActiveCfg = Debug|Any CPU
		{90D56230-E741-4D32-B367-386408DDD416}.Debug|Any CPU.Build.0 = Debug|Any CPU
		{90D56230-E741-4D32-B367-386408DDD416}.Release|Any CPU.ActiveCfg = Release|Any CPU
		{90D56230-E741-4D32-B367-386408DDD416}.Release|Any CPU.Build.0 = Release|Any CPU
		{4CBA1F45-B2E2-4690-92FA-CD8B58F63FC6}.Debug|Any CPU.ActiveCfg = Debug
		{4CBA1F45-B2E2-4690-92FA-CD8B58F63FC6}.Release|Any CPU.ActiveCfg = Release
	EndGlobalSection
	GlobalSection(SolutionProperties) = preSolution
		HideSolutionNode = FALSE
	EndGlobalSection
EndGlobal
